
Microsoft Visual Studio Solution File, Format Version 12.00
# Visual Studio Version 17
VisualStudioVersion = 17.1.32421.90
MinimumVisualStudioVersion = 10.0.40219.1
Project("{FAE04EC0-301F-11D3-BF4B-00C04F79EFBC}") = "Strategy", "Strategy\Strategy.csproj", "{D215F478-6157-4128-8AF1-9087B40552A7}"
EndProject
Global
	GlobalSection(SolutionConfigurationPlatforms) = preSolution
		Debug|Any CPU = Debug|Any CPU
		Release|Any CPU = Release|Any CPU
	EndGlobalSection
	GlobalSection(ProjectConfigurationPlatforms) = postSolution
		{D215F478-6157-4128-8AF1-9087B40552A7}.Debug|Any CPU.ActiveCfg = Debug|Any CPU
		{D215F478-6157-4128-8AF1-9087B40552A7}.Debug|Any CPU.Build.0 = Debug|Any CPU
		{D215F478-6157-4128-8AF1-9087B40552A7}.Release|Any CPU.ActiveCfg = Release|Any CPU
		{D215F478-6157-4128-8AF1-9087B40552A7}.Release|Any CPU.Build.0 = Release|Any CPU
	EndGlobalSection
	GlobalSection(SolutionProperties) = preSolution
		HideSolutionNode = FALSE
	EndGlobalSection
	GlobalSection(ExtensibilityGlobals) = postSolution
		SolutionGuid = {97A62651-D826-4F91-BD29-035A5A6F12E0}
	EndGlobalSection
EndGlobal
