
Microsoft Visual Studio Solution File, Format Version 12.00
# Visual Studio Version 17
VisualStudioVersion = 17.1.32210.238
MinimumVisualStudioVersion = 10.0.40219.1
Project("{9A19103F-16F7-4668-BE54-9A1E7A4F7556}") = "LV4", "LV4\LV4.csproj", "{5D791FCE-CC6E-4D6D-B02E-968D39E7B540}"
EndProject
Project("{9A19103F-16F7-4668-BE54-9A1E7A4F7556}") = "Decorator", "Decorator\Decorator.csproj", "{198BEF9F-7F04-4A63-B705-4D5CD7F9CBE0}"
EndProject
Project("{FAE04EC0-301F-11D3-BF4B-00C04F79EFBC}") = "Facade", "Facade\Facade.csproj", "{36D41606-B636-4193-80C2-EE1AFA6F4D64}"
EndProject
Global
	GlobalSection(SolutionConfigurationPlatforms) = preSolution
		Debug|Any CPU = Debug|Any CPU
		Release|Any CPU = Release|Any CPU
	EndGlobalSection
	GlobalSection(ProjectConfigurationPlatforms) = postSolution
		{5D791FCE-CC6E-4D6D-B02E-968D39E7B540}.Debug|Any CPU.ActiveCfg = Debug|Any CPU
		{5D791FCE-CC6E-4D6D-B02E-968D39E7B540}.Debug|Any CPU.Build.0 = Debug|Any CPU
		{5D791FCE-CC6E-4D6D-B02E-968D39E7B540}.Release|Any CPU.ActiveCfg = Release|Any CPU
		{5D791FCE-CC6E-4D6D-B02E-968D39E7B540}.Release|Any CPU.Build.0 = Release|Any CPU
		{198BEF9F-7F04-4A63-B705-4D5CD7F9CBE0}.Debug|Any CPU.ActiveCfg = Debug|Any CPU
		{198BEF9F-7F04-4A63-B705-4D5CD7F9CBE0}.Debug|Any CPU.Build.0 = Debug|Any CPU
		{198BEF9F-7F04-4A63-B705-4D5CD7F9CBE0}.Release|Any CPU.ActiveCfg = Release|Any CPU
		{198BEF9F-7F04-4A63-B705-4D5CD7F9CBE0}.Release|Any CPU.Build.0 = Release|Any CPU
		{36D41606-B636-4193-80C2-EE1AFA6F4D64}.Debug|Any CPU.ActiveCfg = Debug|Any CPU
		{36D41606-B636-4193-80C2-EE1AFA6F4D64}.Debug|Any CPU.Build.0 = Debug|Any CPU
		{36D41606-B636-4193-80C2-EE1AFA6F4D64}.Release|Any CPU.ActiveCfg = Release|Any CPU
		{36D41606-B636-4193-80C2-EE1AFA6F4D64}.Release|Any CPU.Build.0 = Release|Any CPU
	EndGlobalSection
	GlobalSection(SolutionProperties) = preSolution
		HideSolutionNode = FALSE
	EndGlobalSection
	GlobalSection(ExtensibilityGlobals) = postSolution
		SolutionGuid = {2D12539F-09FC-4D64-9770-BCA3E69D021E}
	EndGlobalSection
EndGlobal
